
Microsoft Visual Studio Solution File, Format Version 12.00
# Visual Studio Version 17
VisualStudioVersion = 17.7.34018.315
MinimumVisualStudioVersion = 10.0.40219.1
Project("{9A19103F-16F7-4668-BE54-9A1E7A4F7556}") = "GrpcService.Client", "GrpcService.Client\GrpcService.Client.csproj", "{056CE570-19B9-4A8C-8BA9-B673D79FA716}"
EndProject
Project("{9A19103F-16F7-4668-BE54-9A1E7A4F7556}") = "GrpcService.Core", "GrpcService.Core\GrpcService.Core.csproj", "{A9680382-7E96-4A99-AB64-0261201D3E28}"
EndProject
Project("{9A19103F-16F7-4668-BE54-9A1E7A4F7556}") = "Opc.Ua", "..\Исходники\Opc.Ua\Opc.Ua.csproj", "{5A5E9EAA-489F-4360-9854-D43833C16301}"
EndProject
Global
	GlobalSection(SolutionConfigurationPlatforms) = preSolution
		Debug|Any CPU = Debug|Any CPU
		Release|Any CPU = Release|Any CPU
	EndGlobalSection
	GlobalSection(ProjectConfigurationPlatforms) = postSolution
		{056CE570-19B9-4A8C-8BA9-B673D79FA716}.Debug|Any CPU.ActiveCfg = Debug|Any CPU
		{056CE570-19B9-4A8C-8BA9-B673D79FA716}.Debug|Any CPU.Build.0 = Debug|Any CPU
		{056CE570-19B9-4A8C-8BA9-B673D79FA716}.Release|Any CPU.ActiveCfg = Release|Any CPU
		{056CE570-19B9-4A8C-8BA9-B673D79FA716}.Release|Any CPU.Build.0 = Release|Any CPU
		{A9680382-7E96-4A99-AB64-0261201D3E28}.Debug|Any CPU.ActiveCfg = Debug|Any CPU
		{A9680382-7E96-4A99-AB64-0261201D3E28}.Debug|Any CPU.Build.0 = Debug|Any CPU
		{A9680382-7E96-4A99-AB64-0261201D3E28}.Release|Any CPU.ActiveCfg = Release|Any CPU
		{A9680382-7E96-4A99-AB64-0261201D3E28}.Release|Any CPU.Build.0 = Release|Any CPU
		{5A5E9EAA-489F-4360-9854-D43833C16301}.Debug|Any CPU.ActiveCfg = Debug|Any CPU
		{5A5E9EAA-489F-4360-9854-D43833C16301}.Debug|Any CPU.Build.0 = Debug|Any CPU
		{5A5E9EAA-489F-4360-9854-D43833C16301}.Release|Any CPU.ActiveCfg = Release|Any CPU
		{5A5E9EAA-489F-4360-9854-D43833C16301}.Release|Any CPU.Build.0 = Release|Any CPU
	EndGlobalSection
	GlobalSection(SolutionProperties) = preSolution
		HideSolutionNode = FALSE
	EndGlobalSection
	GlobalSection(ExtensibilityGlobals) = postSolution
		SolutionGuid = {BF3ED13E-C847-4902-B4A2-5D40E725B269}
	EndGlobalSection
EndGlobal
